// !$*UTF8*$!
{
	archiveVersion = 1;
	classes = {
	};
	objectVersion = 48;
	objects = {

/* Begin PBXBuildFile section */
		43007F0E2064169600DC9035 /* ItemInfoViewController.swift in Sources */ = {isa = PBXBuildFile; fileRef = 43007F0D2064169600DC9035 /* ItemInfoViewController.swift */; };
		4339CD312188F06700C82480 /* SettingsViewController.swift in Sources */ = {isa = PBXBuildFile; fileRef = 4339CD302188F06700C82480 /* SettingsViewController.swift */; };
		43C2F8661FB63E27004E78FE /* AppDelegate.swift in Sources */ = {isa = PBXBuildFile; fileRef = 43C2F8651FB63E27004E78FE /* AppDelegate.swift */; };
		43C2F8681FB63E27004E78FE /* ViewController.swift in Sources */ = {isa = PBXBuildFile; fileRef = 43C2F8671FB63E27004E78FE /* ViewController.swift */; };
		43C2F86B1FB63E28004E78FE /* Main.storyboard in Resources */ = {isa = PBXBuildFile; fileRef = 43C2F8691FB63E28004E78FE /* Main.storyboard */; };
		43C2F86E1FB63E28004E78FE /* LockPass.xcdatamodeld in Sources */ = {isa = PBXBuildFile; fileRef = 43C2F86C1FB63E28004E78FE /* LockPass.xcdatamodeld */; };
		43C2F8701FB63E28004E78FE /* Assets.xcassets in Resources */ = {isa = PBXBuildFile; fileRef = 43C2F86F1FB63E28004E78FE /* Assets.xcassets */; };
		43C2F8731FB63E28004E78FE /* LaunchScreen.storyboard in Resources */ = {isa = PBXBuildFile; fileRef = 43C2F8711FB63E28004E78FE /* LaunchScreen.storyboard */; };
		43C2F8B91FB6416B004E78FE /* MainViewController.swift in Sources */ = {isa = PBXBuildFile; fileRef = 43C2F8B81FB6416B004E78FE /* MainViewController.swift */; };
		43C2F8BB1FB64645004E78FE /* CreateAccountViewController.swift in Sources */ = {isa = PBXBuildFile; fileRef = 43C2F8BA1FB64645004E78FE /* CreateAccountViewController.swift */; };
/* End PBXBuildFile section */

/* Begin PBXFileReference section */
		43007F0D2064169600DC9035 /* ItemInfoViewController.swift */ = {isa = PBXFileReference; lastKnownFileType = sourcecode.swift; path = ItemInfoViewController.swift; sourceTree = "<group>"; };
		4339CD302188F06700C82480 /* SettingsViewController.swift */ = {isa = PBXFileReference; lastKnownFileType = sourcecode.swift; path = SettingsViewController.swift; sourceTree = "<group>"; };
		43B20FCE20BB510900A27173 /* LockPass.entitlements */ = {isa = PBXFileReference; lastKnownFileType = text.plist.entitlements; path = LockPass.entitlements; sourceTree = "<group>"; };
		43C2F8621FB63E27004E78FE /* LockPass.app */ = {isa = PBXFileReference; explicitFileType = wrapper.application; includeInIndex = 0; path = LockPass.app; sourceTree = BUILT_PRODUCTS_DIR; };
		43C2F8651FB63E27004E78FE /* AppDelegate.swift */ = {isa = PBXFileReference; lastKnownFileType = sourcecode.swift; path = AppDelegate.swift; sourceTree = "<group>"; };
		43C2F8671FB63E27004E78FE /* ViewController.swift */ = {isa = PBXFileReference; lastKnownFileType = sourcecode.swift; path = ViewController.swift; sourceTree = "<group>"; };
		43C2F86A1FB63E28004E78FE /* Base */ = {isa = PBXFileReference; lastKnownFileType = file.storyboard; name = Base; path = Base.lproj/Main.storyboard; sourceTree = "<group>"; };
		43C2F86D1FB63E28004E78FE /* LockPass.xcdatamodel */ = {isa = PBXFileReference; lastKnownFileType = wrapper.xcdatamodel; path = LockPass.xcdatamodel; sourceTree = "<group>"; };
		43C2F86F1FB63E28004E78FE /* Assets.xcassets */ = {isa = PBXFileReference; lastKnownFileType = folder.assetcatalog; path = Assets.xcassets; sourceTree = "<group>"; };
		43C2F8721FB63E28004E78FE /* Base */ = {isa = PBXFileReference; lastKnownFileType = file.storyboard; name = Base; path = Base.lproj/LaunchScreen.storyboard; sourceTree = "<group>"; };
		43C2F8741FB63E28004E78FE /* Info.plist */ = {isa = PBXFileReference; lastKnownFileType = text.plist.xml; path = Info.plist; sourceTree = "<group>"; };
		43C2F8B81FB6416B004E78FE /* MainViewController.swift */ = {isa = PBXFileReference; lastKnownFileType = sourcecode.swift; path = MainViewController.swift; sourceTree = "<group>"; };
		43C2F8BA1FB64645004E78FE /* CreateAccountViewController.swift */ = {isa = PBXFileReference; lastKnownFileType = sourcecode.swift; path = CreateAccountViewController.swift; sourceTree = "<group>"; };
/* End PBXFileReference section */

/* Begin PBXFrameworksBuildPhase section */
		43C2F85F1FB63E27004E78FE /* Frameworks */ = {
			isa = PBXFrameworksBuildPhase;
			buildActionMask = 2147483647;
			files = (
			);
			runOnlyForDeploymentPostprocessing = 0;
		};
/* End PBXFrameworksBuildPhase section */

/* Begin PBXGroup section */
		43C2F8591FB63E27004E78FE = {
			isa = PBXGroup;
			children = (
				43C2F8641FB63E27004E78FE /* LockPass */,
				43C2F8631FB63E27004E78FE /* Products */,
			);
			sourceTree = "<group>";
		};
		43C2F8631FB63E27004E78FE /* Products */ = {
			isa = PBXGroup;
			children = (
				43C2F8621FB63E27004E78FE /* LockPass.app */,
			);
			name = Products;
			sourceTree = "<group>";
		};
		43C2F8641FB63E27004E78FE /* LockPass */ = {
			isa = PBXGroup;
			children = (
				43B20FCE20BB510900A27173 /* LockPass.entitlements */,
				43C2F8651FB63E27004E78FE /* AppDelegate.swift */,
				43C2F8671FB63E27004E78FE /* ViewController.swift */,
				43C2F8BA1FB64645004E78FE /* CreateAccountViewController.swift */,
				43C2F8B81FB6416B004E78FE /* MainViewController.swift */,
				43007F0D2064169600DC9035 /* ItemInfoViewController.swift */,
				4339CD302188F06700C82480 /* SettingsViewController.swift */,
				43C2F8691FB63E28004E78FE /* Main.storyboard */,
				43C2F86F1FB63E28004E78FE /* Assets.xcassets */,
				43C2F8711FB63E28004E78FE /* LaunchScreen.storyboard */,
				43C2F8741FB63E28004E78FE /* Info.plist */,
				43C2F86C1FB63E28004E78FE /* LockPass.xcdatamodeld */,
			);
			path = LockPass;
			sourceTree = "<group>";
		};
/* End PBXGroup section */

/* Begin PBXNativeTarget section */
		43C2F8611FB63E27004E78FE /* LockPass */ = {
			isa = PBXNativeTarget;
			buildConfigurationList = 43C2F88D1FB63E28004E78FE /* Build configuration list for PBXNativeTarget "LockPass" */;
			buildPhases = (
				43C2F85E1FB63E27004E78FE /* Sources */,
				43C2F85F1FB63E27004E78FE /* Frameworks */,
				43C2F8601FB63E27004E78FE /* Resources */,
			);
			buildRules = (
			);
			dependencies = (
			);
			name = LockPass;
			productName = LockPass;
			productReference = 43C2F8621FB63E27004E78FE /* LockPass.app */;
			productType = "com.apple.product-type.application";
		};
/* End PBXNativeTarget section */

/* Begin PBXProject section */
		43C2F85A1FB63E27004E78FE /* Project object */ = {
			isa = PBXProject;
			attributes = {
				LastSwiftUpdateCheck = 0900;
				LastUpgradeCheck = 0930;
				ORGANIZATIONNAME = "Nathan Lorenz";
				TargetAttributes = {
					43C2F8611FB63E27004E78FE = {
						CreatedOnToolsVersion = 9.0.1;
						LastSwiftMigration = 1020;
						ProvisioningStyle = Automatic;
						SystemCapabilities = {
							com.apple.DataProtection = {
								enabled = 1;
							};
						};
					};
				};
			};
			buildConfigurationList = 43C2F85D1FB63E27004E78FE /* Build configuration list for PBXProject "LockPass" */;
			compatibilityVersion = "Xcode 8.0";
			developmentRegion = en;
			hasScannedForEncodings = 0;
			knownRegions = (
				en,
				Base,
			);
			mainGroup = 43C2F8591FB63E27004E78FE;
			productRefGroup = 43C2F8631FB63E27004E78FE /* Products */;
			projectDirPath = "";
			projectRoot = "";
			targets = (
				43C2F8611FB63E27004E78FE /* LockPass */,
			);
		};
/* End PBXProject section */

/* Begin PBXResourcesBuildPhase section */
		43C2F8601FB63E27004E78FE /* Resources */ = {
			isa = PBXResourcesBuildPhase;
			buildActionMask = 2147483647;
			files = (
				43C2F8731FB63E28004E78FE /* LaunchScreen.storyboard in Resources */,
				43C2F8701FB63E28004E78FE /* Assets.xcassets in Resources */,
				43C2F86B1FB63E28004E78FE /* Main.storyboard in Resources */,
			);
			runOnlyForDeploymentPostprocessing = 0;
		};
/* End PBXResourcesBuildPhase section */

/* Begin PBXSourcesBuildPhase section */
		43C2F85E1FB63E27004E78FE /* Sources */ = {
			isa = PBXSourcesBuildPhase;
			buildActionMask = 2147483647;
			files = (
				43C2F8BB1FB64645004E78FE /* CreateAccountViewController.swift in Sources */,
				43007F0E2064169600DC9035 /* ItemInfoViewController.swift in Sources */,
				4339CD312188F06700C82480 /* SettingsViewController.swift in Sources */,
				43C2F86E1FB63E28004E78FE /* LockPass.xcdatamodeld in Sources */,
				43C2F8681FB63E27004E78FE /* ViewController.swift in Sources */,
				43C2F8661FB63E27004E78FE /* AppDelegate.swift in Sources */,
				43C2F8B91FB6416B004E78FE /* MainViewController.swift in Sources */,
			);
			runOnlyForDeploymentPostprocessing = 0;
		};
/* End PBXSourcesBuildPhase section */

/* Begin PBXVariantGroup section */
		43C2F8691FB63E28004E78FE /* Main.storyboard */ = {
			isa = PBXVariantGroup;
			children = (
				43C2F86A1FB63E28004E78FE /* Base */,
			);
			name = Main.storyboard;
			sourceTree = "<group>";
		};
		43C2F8711FB63E28004E78FE /* LaunchScreen.storyboard */ = {
			isa = PBXVariantGroup;
			children = (
				43C2F8721FB63E28004E78FE /* Base */,
			);
			name = LaunchScreen.storyboard;
			sourceTree = "<group>";
		};
/* End PBXVariantGroup section */

/* Begin XCBuildConfiguration section */
		43C2F88C1FB63E28004E78FE /* Release */ = {
			isa = XCBuildConfiguration;
			buildSettings = {
				ALWAYS_SEARCH_USER_PATHS = NO;
				CLANG_ANALYZER_NONNULL = YES;
				CLANG_ANALYZER_NUMBER_OBJECT_CONVERSION = YES_AGGRESSIVE;
				CLANG_CXX_LANGUAGE_STANDARD = "gnu++14";
				CLANG_CXX_LIBRARY = "libc++";
				CLANG_ENABLE_MODULES = YES;
				CLANG_ENABLE_OBJC_ARC = YES;
				CLANG_WARN_BLOCK_CAPTURE_AUTORELEASING = YES;
				CLANG_WARN_BOOL_CONVERSION = YES;
				CLANG_WARN_COMMA = YES;
				CLANG_WARN_CONSTANT_CONVERSION = YES;
				CLANG_WARN_DEPRECATED_OBJC_IMPLEMENTATIONS = YES;
				CLANG_WARN_DIRECT_OBJC_ISA_USAGE = YES_ERROR;
				CLANG_WARN_DOCUMENTATION_COMMENTS = YES;
				CLANG_WARN_EMPTY_BODY = YES;
				CLANG_WARN_ENUM_CONVERSION = YES;
				CLANG_WARN_INFINITE_RECURSION = YES;
				CLANG_WARN_INT_CONVERSION = YES;
				CLANG_WARN_NON_LITERAL_NULL_CONVERSION = YES;
				CLANG_WARN_OBJC_IMPLICIT_RETAIN_SELF = YES;
				CLANG_WARN_OBJC_LITERAL_CONVERSION = YES;
				CLANG_WARN_OBJC_ROOT_CLASS = YES_ERROR;
				CLANG_WARN_RANGE_LOOP_ANALYSIS = YES;
				CLANG_WARN_STRICT_PROTOTYPES = YES;
				CLANG_WARN_SUSPICIOUS_MOVE = YES;
				CLANG_WARN_UNGUARDED_AVAILABILITY = YES_AGGRESSIVE;
				CLANG_WARN_UNREACHABLE_CODE = YES;
				CLANG_WARN__DUPLICATE_METHOD_MATCH = YES;
				CODE_SIGN_IDENTITY = "iPhone Developer";
				COPY_PHASE_STRIP = NO;
				DEBUG_INFORMATION_FORMAT = "dwarf-with-dsym";
				ENABLE_NS_ASSERTIONS = NO;
				ENABLE_STRICT_OBJC_MSGSEND = YES;
				GCC_C_LANGUAGE_STANDARD = gnu11;
				GCC_NO_COMMON_BLOCKS = YES;
				GCC_WARN_64_TO_32_BIT_CONVERSION = YES;
				GCC_WARN_ABOUT_RETURN_TYPE = YES_ERROR;
				GCC_WARN_UNDECLARED_SELECTOR = YES;
				GCC_WARN_UNINITIALIZED_AUTOS = YES_AGGRESSIVE;
				GCC_WARN_UNUSED_FUNCTION = YES;
				GCC_WARN_UNUSED_VARIABLE = YES;
				IPHONEOS_DEPLOYMENT_TARGET = 11.0;
				MTL_ENABLE_DEBUG_INFO = NO;
				SDKROOT = iphoneos;
				SWIFT_OPTIMIZATION_LEVEL = "-Owholemodule";
				VALIDATE_PRODUCT = YES;
			};
			name = Release;
		};
		43C2F88F1FB63E28004E78FE /* Release */ = {
			isa = XCBuildConfiguration;
			buildSettings = {
				ASSETCATALOG_COMPILER_APPICON_NAME = AppIcon;
				CODE_SIGN_ENTITLEMENTS = LockPass/LockPass.entitlements;
				CODE_SIGN_STYLE = Automatic;
				DEVELOPMENT_TEAM = 68AW59MP7J;
				INFOPLIST_FILE = LockPass/Info.plist;
				IPHONEOS_DEPLOYMENT_TARGET = 11.0;
				LD_RUNPATH_SEARCH_PATHS = "$(inherited) @executable_path/Frameworks";
				PRODUCT_BUNDLE_IDENTIFIER = com.nathanlorenz.LocksPass;
				PRODUCT_NAME = "$(TARGET_NAME)";
				SWIFT_VERSION = 5.0;
				TARGETED_DEVICE_FAMILY = "1,2";
			};
			name = Release;
		};
/* End XCBuildConfiguration section */

/* Begin XCConfigurationList section */
		43C2F85D1FB63E27004E78FE /* Build configuration list for PBXProject "LockPass" */ = {
			isa = XCConfigurationList;
			buildConfigurations = (
				43C2F88C1FB63E28004E78FE /* Release */,
			);
			defaultConfigurationIsVisible = 0;
			defaultConfigurationName = Release;
		};
		43C2F88D1FB63E28004E78FE /* Build configuration list for PBXNativeTarget "LockPass" */ = {
			isa = XCConfigurationList;
			buildConfigurations = (
				43C2F88F1FB63E28004E78FE /* Release */,
			);
			defaultConfigurationIsVisible = 0;
			defaultConfigurationName = Release;
		};
/* End XCConfigurationList section */

/* Begin XCVersionGroup section */
		43C2F86C1FB63E28004E78FE /* LockPass.xcdatamodeld */ = {
			isa = XCVersionGroup;
			children = (
				43C2F86D1FB63E28004E78FE /* LockPass.xcdatamodel */,
			);
			currentVersion = 43C2F86D1FB63E28004E78FE /* LockPass.xcdatamodel */;
			path = LockPass.xcdatamodeld;
			sourceTree = "<group>";
			versionGroupType = wrapper.xcdatamodel;
		};
/* End XCVersionGroup section */
	};
	rootObject = 43C2F85A1FB63E27004E78FE /* Project object */;
}
